
Microsoft Visual Studio Solution File, Format Version 12.00
# Visual Studio Version 17
VisualStudioVersion = 17.7.34202.233
MinimumVisualStudioVersion = 10.0.40219.1
Project("{FAE04EC0-301F-11D3-BF4B-00C04F79EFBC}") = "MagicVilla_API", "MagicVilla_API\MagicVilla_API.csproj", "{D1861704-69A8-40AA-A7DE-BDECD69BD2F9}"
EndProject
Global
	GlobalSection(SolutionConfigurationPlatforms) = preSolution
		Debug|Any CPU = Debug|Any CPU
		Release|Any CPU = Release|Any CPU
	EndGlobalSection
	GlobalSection(ProjectConfigurationPlatforms) = postSolution
		{D1861704-69A8-40AA-A7DE-BDECD69BD2F9}.Debug|Any CPU.ActiveCfg = Debug|Any CPU
		{D1861704-69A8-40AA-A7DE-BDECD69BD2F9}.Debug|Any CPU.Build.0 = Debug|Any CPU
		{D1861704-69A8-40AA-A7DE-BDECD69BD2F9}.Release|Any CPU.ActiveCfg = Release|Any CPU
		{D1861704-69A8-40AA-A7DE-BDECD69BD2F9}.Release|Any CPU.Build.0 = Release|Any CPU
	EndGlobalSection
	GlobalSection(SolutionProperties) = preSolution
		HideSolutionNode = FALSE
	EndGlobalSection
	GlobalSection(ExtensibilityGlobals) = postSolution
		SolutionGuid = {30B92174-7A3A-4957-B62A-15C7D4FD2444}
	EndGlobalSection
EndGlobal
